
Microsoft Visual Studio Solution File, Format Version 12.00
# Visual Studio Version 17
VisualStudioVersion = 17.1.32328.378
MinimumVisualStudioVersion = 10.0.40219.1
Project("{2150E333-8FDC-42A3-9474-1A3956D46DE8}") = "Xamarin", "Xamarin", "{1B86A1CC-74AA-4FBA-8CCF-F856376491BB}"
EndProject
Project("{FAE04EC0-301F-11D3-BF4B-00C04F79EFBC}") = "XamarinClient.Android", "XamarinClient\XamarinClient.Android\XamarinClient.Android.csproj", "{8532BD02-C68C-499B-9A3F-0A7B526C2F2C}"
EndProject
Project("{FAE04EC0-301F-11D3-BF4B-00C04F79EFBC}") = "XamarinClient.iOS", "XamarinClient\XamarinClient.iOS\XamarinClient.iOS.csproj", "{3D5BBE22-A381-4AE2-8064-8E621ACEB93B}"
EndProject
Project("{9A19103F-16F7-4668-BE54-9A1E7A4F7556}") = "XamarinClient", "XamarinClient\XamarinClient\XamarinClient.csproj", "{E7EF49E5-2BE6-4A75-9E90-558278338CD5}"
EndProject
Project("{9A19103F-16F7-4668-BE54-9A1E7A4F7556}") = "IdentityServer", "IdentityServer\IdentityServer.csproj", "{3B282A97-C859-4194-AD05-622E21A89ECF}"
EndProject
Project("{9A19103F-16F7-4668-BE54-9A1E7A4F7556}") = "WebClient", "WebClient\WebClient.csproj", "{9F30C4E4-B0AA-4394-A3A8-C298D75A2604}"
EndProject
Project("{9A19103F-16F7-4668-BE54-9A1E7A4F7556}") = "ApiDataLayer", "ApiDataLayer\ApiDataLayer.csproj", "{E983F179-E923-4800-A1D4-18CB23B328EE}"
EndProject
Project("{9A19103F-16F7-4668-BE54-9A1E7A4F7556}") = "Api", "Api\Api.csproj", "{5F10AB0C-D563-454C-A6FA-BD7273AEFA66}"
EndProject
Project("{2150E333-8FDC-42A3-9474-1A3956D46DE8}") = "Backend", "Backend", "{80D61E08-1B78-4370-AD7F-0920BF3D2690}"
EndProject
Project("{9A19103F-16F7-4668-BE54-9A1E7A4F7556}") = "ApiUnitTest", "ApiUnitTest\ApiUnitTest.csproj", "{C29FEBC5-8E53-41B4-A5CE-470E78303152}"
EndProject
Project("{2150E333-8FDC-42A3-9474-1A3956D46DE8}") = "Solution Items", "Solution Items", "{A8E0A61E-2357-4684-A274-4C43B45BD6E9}"
	ProjectSection(SolutionItems) = preProject
		.github\workflows\Api-Test.yml = .github\workflows\Api-Test.yml
		Readme.md = Readme.md
	EndProjectSection
EndProject
Project("{9A19103F-16F7-4668-BE54-9A1E7A4F7556}") = "ApiWorker", "ApiWorker\ApiWorker.csproj", "{498FC9F9-3BCE-4387-BCAA-3597D6BC27B1}"
EndProject
Project("{E53339B2-1760-4266-BCC7-CA923CBCF16C}") = "docker-compose", "docker-compose.dcproj", "{F20FD5DD-ACCD-4A88-8BA8-C81DCC661F88}"
EndProject
Global
	GlobalSection(SolutionConfigurationPlatforms) = preSolution
		Debug|Any CPU = Debug|Any CPU
		Debug|iPhone = Debug|iPhone
		Debug|iPhoneSimulator = Debug|iPhoneSimulator
		Debug|x86 = Debug|x86
		Release|Any CPU = Release|Any CPU
		Release|iPhone = Release|iPhone
		Release|iPhoneSimulator = Release|iPhoneSimulator
		Release|x86 = Release|x86
	EndGlobalSection
	GlobalSection(ProjectConfigurationPlatforms) = postSolution
		{8532BD02-C68C-499B-9A3F-0A7B526C2F2C}.Debug|Any CPU.ActiveCfg = Debug|Any CPU
		{8532BD02-C68C-499B-9A3F-0A7B526C2F2C}.Debug|Any CPU.Deploy.0 = Debug|Any CPU
		{8532BD02-C68C-499B-9A3F-0A7B526C2F2C}.Debug|iPhone.ActiveCfg = Debug|Any CPU
		{8532BD02-C68C-499B-9A3F-0A7B526C2F2C}.Debug|iPhoneSimulator.ActiveCfg = Debug|Any CPU
		{8532BD02-C68C-499B-9A3F-0A7B526C2F2C}.Debug|x86.ActiveCfg = Debug|x86
		{8532BD02-C68C-499B-9A3F-0A7B526C2F2C}.Debug|x86.Build.0 = Debug|x86
		{8532BD02-C68C-499B-9A3F-0A7B526C2F2C}.Debug|x86.Deploy.0 = Debug|x86
		{8532BD02-C68C-499B-9A3F-0A7B526C2F2C}.Release|Any CPU.ActiveCfg = Release|Any CPU
		{8532BD02-C68C-499B-9A3F-0A7B526C2F2C}.Release|iPhone.ActiveCfg = Release|Any CPU
		{8532BD02-C68C-499B-9A3F-0A7B526C2F2C}.Release|iPhoneSimulator.ActiveCfg = Release|Any CPU
		{8532BD02-C68C-499B-9A3F-0A7B526C2F2C}.Release|x86.ActiveCfg = Release|x86
		{8532BD02-C68C-499B-9A3F-0A7B526C2F2C}.Release|x86.Build.0 = Release|x86
		{8532BD02-C68C-499B-9A3F-0A7B526C2F2C}.Release|x86.Deploy.0 = Release|x86
		{3D5BBE22-A381-4AE2-8064-8E621ACEB93B}.Debug|Any CPU.ActiveCfg = Debug|iPhoneSimulator
		{3D5BBE22-A381-4AE2-8064-8E621ACEB93B}.Debug|iPhone.ActiveCfg = Debug|iPhone
		{3D5BBE22-A381-4AE2-8064-8E621ACEB93B}.Debug|iPhoneSimulator.ActiveCfg = Debug|iPhoneSimulator
		{3D5BBE22-A381-4AE2-8064-8E621ACEB93B}.Debug|x86.ActiveCfg = Debug|iPhone
		{3D5BBE22-A381-4AE2-8064-8E621ACEB93B}.Debug|x86.Build.0 = Debug|iPhone
		{3D5BBE22-A381-4AE2-8064-8E621ACEB93B}.Release|Any CPU.ActiveCfg = Release|iPhoneSimulator
		{3D5BBE22-A381-4AE2-8064-8E621ACEB93B}.Release|iPhone.ActiveCfg = Release|iPhone
		{3D5BBE22-A381-4AE2-8064-8E621ACEB93B}.Release|iPhoneSimulator.ActiveCfg = Release|iPhoneSimulator
		{3D5BBE22-A381-4AE2-8064-8E621ACEB93B}.Release|x86.ActiveCfg = Release|iPhone
		{3D5BBE22-A381-4AE2-8064-8E621ACEB93B}.Release|x86.Build.0 = Release|iPhone
		{E7EF49E5-2BE6-4A75-9E90-558278338CD5}.Debug|Any CPU.ActiveCfg = Debug|Any CPU
		{E7EF49E5-2BE6-4A75-9E90-558278338CD5}.Debug|iPhone.ActiveCfg = Debug|Any CPU
		{E7EF49E5-2BE6-4A75-9E90-558278338CD5}.Debug|iPhoneSimulator.ActiveCfg = Debug|Any CPU
		{E7EF49E5-2BE6-4A75-9E90-558278338CD5}.Debug|x86.ActiveCfg = Debug|Any CPU
		{E7EF49E5-2BE6-4A75-9E90-558278338CD5}.Debug|x86.Build.0 = Debug|Any CPU
		{E7EF49E5-2BE6-4A75-9E90-558278338CD5}.Release|Any CPU.ActiveCfg = Release|Any CPU
		{E7EF49E5-2BE6-4A75-9E90-558278338CD5}.Release|iPhone.ActiveCfg = Release|Any CPU
		{E7EF49E5-2BE6-4A75-9E90-558278338CD5}.Release|iPhoneSimulator.ActiveCfg = Release|Any CPU
		{E7EF49E5-2BE6-4A75-9E90-558278338CD5}.Release|x86.ActiveCfg = Release|Any CPU
		{E7EF49E5-2BE6-4A75-9E90-558278338CD5}.Release|x86.Build.0 = Release|Any CPU
		{3B282A97-C859-4194-AD05-622E21A89ECF}.Debug|Any CPU.ActiveCfg = Debug|Any CPU
		{3B282A97-C859-4194-AD05-622E21A89ECF}.Debug|Any CPU.Build.0 = Debug|Any CPU
		{3B282A97-C859-4194-AD05-622E21A89ECF}.Debug|iPhone.ActiveCfg = Debug|Any CPU
		{3B282A97-C859-4194-AD05-622E21A89ECF}.Debug|iPhone.Build.0 = Debug|Any CPU
		{3B282A97-C859-4194-AD05-622E21A89ECF}.Debug|iPhoneSimulator.ActiveCfg = Debug|Any CPU
		{3B282A97-C859-4194-AD05-622E21A89ECF}.Debug|iPhoneSimulator.Build.0 = Debug|Any CPU
		{3B282A97-C859-4194-AD05-622E21A89ECF}.Debug|x86.ActiveCfg = Debug|Any CPU
		{3B282A97-C859-4194-AD05-622E21A89ECF}.Debug|x86.Build.0 = Debug|Any CPU
		{3B282A97-C859-4194-AD05-622E21A89ECF}.Release|Any CPU.ActiveCfg = Release|Any CPU
		{3B282A97-C859-4194-AD05-622E21A89ECF}.Release|Any CPU.Build.0 = Release|Any CPU
		{3B282A97-C859-4194-AD05-622E21A89ECF}.Release|iPhone.ActiveCfg = Release|Any CPU
		{3B282A97-C859-4194-AD05-622E21A89ECF}.Release|iPhone.Build.0 = Release|Any CPU
		{3B282A97-C859-4194-AD05-622E21A89ECF}.Release|iPhoneSimulator.ActiveCfg = Release|Any CPU
		{3B282A97-C859-4194-AD05-622E21A89ECF}.Release|iPhoneSimulator.Build.0 = Release|Any CPU
		{3B282A97-C859-4194-AD05-622E21A89ECF}.Release|x86.ActiveCfg = Release|Any CPU
		{3B282A97-C859-4194-AD05-622E21A89ECF}.Release|x86.Build.0 = Release|Any CPU
		{9F30C4E4-B0AA-4394-A3A8-C298D75A2604}.Debug|Any CPU.ActiveCfg = Debug|Any CPU
		{9F30C4E4-B0AA-4394-A3A8-C298D75A2604}.Debug|Any CPU.Build.0 = Debug|Any CPU
		{9F30C4E4-B0AA-4394-A3A8-C298D75A2604}.Debug|iPhone.ActiveCfg = Debug|Any CPU
		{9F30C4E4-B0AA-4394-A3A8-C298D75A2604}.Debug|iPhone.Build.0 = Debug|Any CPU
		{9F30C4E4-B0AA-4394-A3A8-C298D75A2604}.Debug|iPhoneSimulator.ActiveCfg = Debug|Any CPU
		{9F30C4E4-B0AA-4394-A3A8-C298D75A2604}.Debug|iPhoneSimulator.Build.0 = Debug|Any CPU
		{9F30C4E4-B0AA-4394-A3A8-C298D75A2604}.Debug|x86.ActiveCfg = Debug|Any CPU
		{9F30C4E4-B0AA-4394-A3A8-C298D75A2604}.Debug|x86.Build.0 = Debug|Any CPU
		{9F30C4E4-B0AA-4394-A3A8-C298D75A2604}.Release|Any CPU.ActiveCfg = Release|Any CPU
		{9F30C4E4-B0AA-4394-A3A8-C298D75A2604}.Release|Any CPU.Build.0 = Release|Any CPU
		{9F30C4E4-B0AA-4394-A3A8-C298D75A2604}.Release|iPhone.ActiveCfg = Release|Any CPU
		{9F30C4E4-B0AA-4394-A3A8-C298D75A2604}.Release|iPhone.Build.0 = Release|Any CPU
		{9F30C4E4-B0AA-4394-A3A8-C298D75A2604}.Release|iPhoneSimulator.ActiveCfg = Release|Any CPU
		{9F30C4E4-B0AA-4394-A3A8-C298D75A2604}.Release|iPhoneSimulator.Build.0 = Release|Any CPU
		{9F30C4E4-B0AA-4394-A3A8-C298D75A2604}.Release|x86.ActiveCfg = Release|Any CPU
		{9F30C4E4-B0AA-4394-A3A8-C298D75A2604}.Release|x86.Build.0 = Release|Any CPU
		{E983F179-E923-4800-A1D4-18CB23B328EE}.Debug|Any CPU.ActiveCfg = Debug|Any CPU
		{E983F179-E923-4800-A1D4-18CB23B328EE}.Debug|Any CPU.Build.0 = Debug|Any CPU
		{E983F179-E923-4800-A1D4-18CB23B328EE}.Debug|iPhone.ActiveCfg = Debug|Any CPU
		{E983F179-E923-4800-A1D4-18CB23B328EE}.Debug|iPhone.Build.0 = Debug|Any CPU
		{E983F179-E923-4800-A1D4-18CB23B328EE}.Debug|iPhoneSimulator.ActiveCfg = Debug|Any CPU
		{E983F179-E923-4800-A1D4-18CB23B328EE}.Debug|iPhoneSimulator.Build.0 = Debug|Any CPU
		{E983F179-E923-4800-A1D4-18CB23B328EE}.Debug|x86.ActiveCfg = Debug|Any CPU
		{E983F179-E923-4800-A1D4-18CB23B328EE}.Debug|x86.Build.0 = Debug|Any CPU
		{E983F179-E923-4800-A1D4-18CB23B328EE}.Release|Any CPU.ActiveCfg = Release|Any CPU
		{E983F179-E923-4800-A1D4-18CB23B328EE}.Release|Any CPU.Build.0 = Release|Any CPU
		{E983F179-E923-4800-A1D4-18CB23B328EE}.Release|iPhone.ActiveCfg = Release|Any CPU
		{E983F179-E923-4800-A1D4-18CB23B328EE}.Release|iPhone.Build.0 = Release|Any CPU
		{E983F179-E923-4800-A1D4-18CB23B328EE}.Release|iPhoneSimulator.ActiveCfg = Release|Any CPU
		{E983F179-E923-4800-A1D4-18CB23B328EE}.Release|iPhoneSimulator.Build.0 = Release|Any CPU
		{E983F179-E923-4800-A1D4-18CB23B328EE}.Release|x86.ActiveCfg = Release|Any CPU
		{E983F179-E923-4800-A1D4-18CB23B328EE}.Release|x86.Build.0 = Release|Any CPU
		{5F10AB0C-D563-454C-A6FA-BD7273AEFA66}.Debug|Any CPU.ActiveCfg = Debug|Any CPU
		{5F10AB0C-D563-454C-A6FA-BD7273AEFA66}.Debug|Any CPU.Build.0 = Debug|Any CPU
		{5F10AB0C-D563-454C-A6FA-BD7273AEFA66}.Debug|iPhone.ActiveCfg = Debug|Any CPU
		{5F10AB0C-D563-454C-A6FA-BD7273AEFA66}.Debug|iPhone.Build.0 = Debug|Any CPU
		{5F10AB0C-D563-454C-A6FA-BD7273AEFA66}.Debug|iPhoneSimulator.ActiveCfg = Debug|Any CPU
		{5F10AB0C-D563-454C-A6FA-BD7273AEFA66}.Debug|iPhoneSimulator.Build.0 = Debug|Any CPU
		{5F10AB0C-D563-454C-A6FA-BD7273AEFA66}.Debug|x86.ActiveCfg = Debug|Any CPU
		{5F10AB0C-D563-454C-A6FA-BD7273AEFA66}.Debug|x86.Build.0 = Debug|Any CPU
		{5F10AB0C-D563-454C-A6FA-BD7273AEFA66}.Release|Any CPU.ActiveCfg = Release|Any CPU
		{5F10AB0C-D563-454C-A6FA-BD7273AEFA66}.Release|Any CPU.Build.0 = Release|Any CPU
		{5F10AB0C-D563-454C-A6FA-BD7273AEFA66}.Release|iPhone.ActiveCfg = Release|Any CPU
		{5F10AB0C-D563-454C-A6FA-BD7273AEFA66}.Release|iPhone.Build.0 = Release|Any CPU
		{5F10AB0C-D563-454C-A6FA-BD7273AEFA66}.Release|iPhoneSimulator.ActiveCfg = Release|Any CPU
		{5F10AB0C-D563-454C-A6FA-BD7273AEFA66}.Release|iPhoneSimulator.Build.0 = Release|Any CPU
		{5F10AB0C-D563-454C-A6FA-BD7273AEFA66}.Release|x86.ActiveCfg = Release|Any CPU
		{5F10AB0C-D563-454C-A6FA-BD7273AEFA66}.Release|x86.Build.0 = Release|Any CPU
		{C29FEBC5-8E53-41B4-A5CE-470E78303152}.Debug|Any CPU.ActiveCfg = Debug|Any CPU
		{C29FEBC5-8E53-41B4-A5CE-470E78303152}.Debug|Any CPU.Build.0 = Debug|Any CPU
		{C29FEBC5-8E53-41B4-A5CE-470E78303152}.Debug|iPhone.ActiveCfg = Debug|Any CPU
		{C29FEBC5-8E53-41B4-A5CE-470E78303152}.Debug|iPhone.Build.0 = Debug|Any CPU
		{C29FEBC5-8E53-41B4-A5CE-470E78303152}.Debug|iPhoneSimulator.ActiveCfg = Debug|Any CPU
		{C29FEBC5-8E53-41B4-A5CE-470E78303152}.Debug|iPhoneSimulator.Build.0 = Debug|Any CPU
		{C29FEBC5-8E53-41B4-A5CE-470E78303152}.Debug|x86.ActiveCfg = Debug|Any CPU
		{C29FEBC5-8E53-41B4-A5CE-470E78303152}.Debug|x86.Build.0 = Debug|Any CPU
		{C29FEBC5-8E53-41B4-A5CE-470E78303152}.Release|Any CPU.ActiveCfg = Release|Any CPU
		{C29FEBC5-8E53-41B4-A5CE-470E78303152}.Release|Any CPU.Build.0 = Release|Any CPU
		{C29FEBC5-8E53-41B4-A5CE-470E78303152}.Release|iPhone.ActiveCfg = Release|Any CPU
		{C29FEBC5-8E53-41B4-A5CE-470E78303152}.Release|iPhone.Build.0 = Release|Any CPU
		{C29FEBC5-8E53-41B4-A5CE-470E78303152}.Release|iPhoneSimulator.ActiveCfg = Release|Any CPU
		{C29FEBC5-8E53-41B4-A5CE-470E78303152}.Release|iPhoneSimulator.Build.0 = Release|Any CPU
		{C29FEBC5-8E53-41B4-A5CE-470E78303152}.Release|x86.ActiveCfg = Release|Any CPU
		{C29FEBC5-8E53-41B4-A5CE-470E78303152}.Release|x86.Build.0 = Release|Any CPU
		{498FC9F9-3BCE-4387-BCAA-3597D6BC27B1}.Debug|Any CPU.ActiveCfg = Debug|Any CPU
		{498FC9F9-3BCE-4387-BCAA-3597D6BC27B1}.Debug|Any CPU.Build.0 = Debug|Any CPU
		{498FC9F9-3BCE-4387-BCAA-3597D6BC27B1}.Debug|iPhone.ActiveCfg = Debug|Any CPU
		{498FC9F9-3BCE-4387-BCAA-3597D6BC27B1}.Debug|iPhone.Build.0 = Debug|Any CPU
		{498FC9F9-3BCE-4387-BCAA-3597D6BC27B1}.Debug|iPhoneSimulator.ActiveCfg = Debug|Any CPU
		{498FC9F9-3BCE-4387-BCAA-3597D6BC27B1}.Debug|iPhoneSimulator.Build.0 = Debug|Any CPU
		{498FC9F9-3BCE-4387-BCAA-3597D6BC27B1}.Debug|x86.ActiveCfg = Debug|Any CPU
		{498FC9F9-3BCE-4387-BCAA-3597D6BC27B1}.Debug|x86.Build.0 = Debug|Any CPU
		{498FC9F9-3BCE-4387-BCAA-3597D6BC27B1}.Release|Any CPU.ActiveCfg = Release|Any CPU
		{498FC9F9-3BCE-4387-BCAA-3597D6BC27B1}.Release|Any CPU.Build.0 = Release|Any CPU
		{498FC9F9-3BCE-4387-BCAA-3597D6BC27B1}.Release|iPhone.ActiveCfg = Release|Any CPU
		{498FC9F9-3BCE-4387-BCAA-3597D6BC27B1}.Release|iPhone.Build.0 = Release|Any CPU
		{498FC9F9-3BCE-4387-BCAA-3597D6BC27B1}.Release|iPhoneSimulator.ActiveCfg = Release|Any CPU
		{498FC9F9-3BCE-4387-BCAA-3597D6BC27B1}.Release|iPhoneSimulator.Build.0 = Release|Any CPU
		{498FC9F9-3BCE-4387-BCAA-3597D6BC27B1}.Release|x86.ActiveCfg = Release|Any CPU
		{498FC9F9-3BCE-4387-BCAA-3597D6BC27B1}.Release|x86.Build.0 = Release|Any CPU
		{F20FD5DD-ACCD-4A88-8BA8-C81DCC661F88}.Debug|Any CPU.ActiveCfg = Debug|Any CPU
		{F20FD5DD-ACCD-4A88-8BA8-C81DCC661F88}.Debug|Any CPU.Build.0 = Debug|Any CPU
		{F20FD5DD-ACCD-4A88-8BA8-C81DCC661F88}.Debug|iPhone.ActiveCfg = Debug|Any CPU
		{F20FD5DD-ACCD-4A88-8BA8-C81DCC661F88}.Debug|iPhone.Build.0 = Debug|Any CPU
		{F20FD5DD-ACCD-4A88-8BA8-C81DCC661F88}.Debug|iPhoneSimulator.ActiveCfg = Debug|Any CPU
		{F20FD5DD-ACCD-4A88-8BA8-C81DCC661F88}.Debug|iPhoneSimulator.Build.0 = Debug|Any CPU
		{F20FD5DD-ACCD-4A88-8BA8-C81DCC661F88}.Debug|x86.ActiveCfg = Debug|Any CPU
		{F20FD5DD-ACCD-4A88-8BA8-C81DCC661F88}.Debug|x86.Build.0 = Debug|Any CPU
		{F20FD5DD-ACCD-4A88-8BA8-C81DCC661F88}.Release|Any CPU.ActiveCfg = Release|Any CPU
		{F20FD5DD-ACCD-4A88-8BA8-C81DCC661F88}.Release|Any CPU.Build.0 = Release|Any CPU
		{F20FD5DD-ACCD-4A88-8BA8-C81DCC661F88}.Release|iPhone.ActiveCfg = Release|Any CPU
		{F20FD5DD-ACCD-4A88-8BA8-C81DCC661F88}.Release|iPhone.Build.0 = Release|Any CPU
		{F20FD5DD-ACCD-4A88-8BA8-C81DCC661F88}.Release|iPhoneSimulator.ActiveCfg = Release|Any CPU
		{F20FD5DD-ACCD-4A88-8BA8-C81DCC661F88}.Release|iPhoneSimulator.Build.0 = Release|Any CPU
		{F20FD5DD-ACCD-4A88-8BA8-C81DCC661F88}.Release|x86.ActiveCfg = Release|Any CPU
		{F20FD5DD-ACCD-4A88-8BA8-C81DCC661F88}.Release|x86.Build.0 = Release|Any CPU
	EndGlobalSection
	GlobalSection(SolutionProperties) = preSolution
		HideSolutionNode = FALSE
	EndGlobalSection
	GlobalSection(NestedProjects) = preSolution
		{8532BD02-C68C-499B-9A3F-0A7B526C2F2C} = {1B86A1CC-74AA-4FBA-8CCF-F856376491BB}
		{3D5BBE22-A381-4AE2-8064-8E621ACEB93B} = {1B86A1CC-74AA-4FBA-8CCF-F856376491BB}
		{E7EF49E5-2BE6-4A75-9E90-558278338CD5} = {1B86A1CC-74AA-4FBA-8CCF-F856376491BB}
		{E983F179-E923-4800-A1D4-18CB23B328EE} = {80D61E08-1B78-4370-AD7F-0920BF3D2690}
		{5F10AB0C-D563-454C-A6FA-BD7273AEFA66} = {80D61E08-1B78-4370-AD7F-0920BF3D2690}
		{C29FEBC5-8E53-41B4-A5CE-470E78303152} = {80D61E08-1B78-4370-AD7F-0920BF3D2690}
		{498FC9F9-3BCE-4387-BCAA-3597D6BC27B1} = {80D61E08-1B78-4370-AD7F-0920BF3D2690}
	EndGlobalSection
	GlobalSection(ExtensibilityGlobals) = postSolution
		SolutionGuid = {D8712F5F-82E4-4B10-BB1C-0862ED8298C4}
	EndGlobalSection
EndGlobal
